
Microsoft Visual Studio Solution File, Format Version 12.00
# Visual Studio Version 16
VisualStudioVersion = 16.0.30310.162
MinimumVisualStudioVersion = 10.0.40219.1
Project("{9A19103F-16F7-4668-BE54-9A1E7A4F7556}") = "Worker.Api", "Worker.Api\Worker.Api.csproj", "{5AA92404-2C42-4678-8C6B-7357554FD5DA}"
EndProject
Project("{9A19103F-16F7-4668-BE54-9A1E7A4F7556}") = "Worker.DAL", "Worker.DAL\Worker.DAL.csproj", "{8E53360E-D4C3-466A-944C-5A705EEC4432}"
EndProject
Project("{9A19103F-16F7-4668-BE54-9A1E7A4F7556}") = "Worker", "Worker\Worker.csproj", "{89FC27FF-AF13-4566-9CBD-8499FDD9AAFD}"
EndProject
Project("{FAE04EC0-301F-11D3-BF4B-00C04F79EFBC}") = "WorkerTests", "WorkerTests\WorkerTests.csproj", "{45424438-ED5A-42E5-84CF-07ABD7A18ADD}"
EndProject
Project("{FAE04EC0-301F-11D3-BF4B-00C04F79EFBC}") = "Location", "Location\Location.csproj", "{62A918C1-2C69-466E-896C-DB2D3DED7680}"
EndProject
Global
	GlobalSection(SolutionConfigurationPlatforms) = preSolution
		Debug|Any CPU = Debug|Any CPU
		Release|Any CPU = Release|Any CPU
	EndGlobalSection
	GlobalSection(ProjectConfigurationPlatforms) = postSolution
		{5AA92404-2C42-4678-8C6B-7357554FD5DA}.Debug|Any CPU.ActiveCfg = Debug|Any CPU
		{5AA92404-2C42-4678-8C6B-7357554FD5DA}.Debug|Any CPU.Build.0 = Debug|Any CPU
		{5AA92404-2C42-4678-8C6B-7357554FD5DA}.Release|Any CPU.ActiveCfg = Release|Any CPU
		{5AA92404-2C42-4678-8C6B-7357554FD5DA}.Release|Any CPU.Build.0 = Release|Any CPU
		{8E53360E-D4C3-466A-944C-5A705EEC4432}.Debug|Any CPU.ActiveCfg = Debug|Any CPU
		{8E53360E-D4C3-466A-944C-5A705EEC4432}.Debug|Any CPU.Build.0 = Debug|Any CPU
		{8E53360E-D4C3-466A-944C-5A705EEC4432}.Release|Any CPU.ActiveCfg = Release|Any CPU
		{8E53360E-D4C3-466A-944C-5A705EEC4432}.Release|Any CPU.Build.0 = Release|Any CPU
		{89FC27FF-AF13-4566-9CBD-8499FDD9AAFD}.Debug|Any CPU.ActiveCfg = Debug|Any CPU
		{89FC27FF-AF13-4566-9CBD-8499FDD9AAFD}.Debug|Any CPU.Build.0 = Debug|Any CPU
		{89FC27FF-AF13-4566-9CBD-8499FDD9AAFD}.Release|Any CPU.ActiveCfg = Release|Any CPU
		{89FC27FF-AF13-4566-9CBD-8499FDD9AAFD}.Release|Any CPU.Build.0 = Release|Any CPU
		{45424438-ED5A-42E5-84CF-07ABD7A18ADD}.Debug|Any CPU.ActiveCfg = Debug|Any CPU
		{45424438-ED5A-42E5-84CF-07ABD7A18ADD}.Debug|Any CPU.Build.0 = Debug|Any CPU
		{45424438-ED5A-42E5-84CF-07ABD7A18ADD}.Release|Any CPU.ActiveCfg = Release|Any CPU
		{45424438-ED5A-42E5-84CF-07ABD7A18ADD}.Release|Any CPU.Build.0 = Release|Any CPU
		{62A918C1-2C69-466E-896C-DB2D3DED7680}.Debug|Any CPU.ActiveCfg = Debug|Any CPU
		{62A918C1-2C69-466E-896C-DB2D3DED7680}.Debug|Any CPU.Build.0 = Debug|Any CPU
		{62A918C1-2C69-466E-896C-DB2D3DED7680}.Release|Any CPU.ActiveCfg = Release|Any CPU
		{62A918C1-2C69-466E-896C-DB2D3DED7680}.Release|Any CPU.Build.0 = Release|Any CPU
	EndGlobalSection
	GlobalSection(SolutionProperties) = preSolution
		HideSolutionNode = FALSE
	EndGlobalSection
	GlobalSection(ExtensibilityGlobals) = postSolution
		SolutionGuid = {F06AA0A4-9CA5-48DA-A409-A8395B254284}
	EndGlobalSection
EndGlobal
